
Microsoft Visual Studio Solution File, Format Version 12.00
# Visual Studio 15
VisualStudioVersion = 15.0.28010.2041
MinimumVisualStudioVersion = 10.0.40219.1
Project("{FAE04EC0-301F-11D3-BF4B-00C04F79EFBC}") = "Meydanca_Adm", "Meydanca Adm\Meydanca_Adm.csproj", "{1536A5BB-F262-48EE-A071-E405EA09F7D0}"
EndProject
Global
	GlobalSection(SolutionConfigurationPlatforms) = preSolution
		Debug|Any CPU = Debug|Any CPU
		Release|Any CPU = Release|Any CPU
	EndGlobalSection
	GlobalSection(ProjectConfigurationPlatforms) = postSolution
		{1536A5BB-F262-48EE-A071-E405EA09F7D0}.Debug|Any CPU.ActiveCfg = Debug|Any CPU
		{1536A5BB-F262-48EE-A071-E405EA09F7D0}.Debug|Any CPU.Build.0 = Debug|Any CPU
		{1536A5BB-F262-48EE-A071-E405EA09F7D0}.Release|Any CPU.ActiveCfg = Release|Any CPU
		{1536A5BB-F262-48EE-A071-E405EA09F7D0}.Release|Any CPU.Build.0 = Release|Any CPU
	EndGlobalSection
	GlobalSection(SolutionProperties) = preSolution
		HideSolutionNode = FALSE
	EndGlobalSection
	GlobalSection(ExtensibilityGlobals) = postSolution
		SolutionGuid = {FA6BE328-5A80-4562-B110-599C5E02BEE4}
	EndGlobalSection
EndGlobal
